
Microsoft Visual Studio Solution File, Format Version 12.00
# Visual Studio Version 17
VisualStudioVersion = 17.7.34031.279
MinimumVisualStudioVersion = 10.0.40219.1
Project("{FAE04EC0-301F-11D3-BF4B-00C04F79EFBC}") = "LOXInterpreter", "LOXInterpreter\LOXInterpreter.csproj", "{E79B0EE1-1A30-46CB-A569-001B8C225367}"
EndProject
Global
	GlobalSection(SolutionConfigurationPlatforms) = preSolution
		Debug|Any CPU = Debug|Any CPU
		Release|Any CPU = Release|Any CPU
	EndGlobalSection
	GlobalSection(ProjectConfigurationPlatforms) = postSolution
		{E79B0EE1-1A30-46CB-A569-001B8C225367}.Debug|Any CPU.ActiveCfg = Debug|Any CPU
		{E79B0EE1-1A30-46CB-A569-001B8C225367}.Debug|Any CPU.Build.0 = Debug|Any CPU
		{E79B0EE1-1A30-46CB-A569-001B8C225367}.Release|Any CPU.ActiveCfg = Release|Any CPU
		{E79B0EE1-1A30-46CB-A569-001B8C225367}.Release|Any CPU.Build.0 = Release|Any CPU
	EndGlobalSection
	GlobalSection(SolutionProperties) = preSolution
		HideSolutionNode = FALSE
	EndGlobalSection
	GlobalSection(ExtensibilityGlobals) = postSolution
		SolutionGuid = {4A0A6479-40CE-4E2E-9D3B-8520D4E3A25E}
	EndGlobalSection
EndGlobal
